
Microsoft Visual Studio Solution File, Format Version 12.00
# Visual Studio Version 17
VisualStudioVersion = 17.6.33723.286
MinimumVisualStudioVersion = 10.0.40219.1
Project("{FAE04EC0-301F-11D3-BF4B-00C04F79EFBC}") = "Nvupd.Cli", "Nvupd.Cli\Nvupd.Cli.csproj", "{30615F06-7397-4CE6-8201-F3CB4764D2E5}"
EndProject
Project("{FAE04EC0-301F-11D3-BF4B-00C04F79EFBC}") = "Nvupd.Core", "Nvupd.Core\Nvupd.Core.csproj", "{1413D8BE-66D9-43E3-BD45-75CF0E41BAFC}"
EndProject
Project("{FAE04EC0-301F-11D3-BF4B-00C04F79EFBC}") = "NvUpd.UI", "NvUpd.UI\NvUpd.UI.csproj", "{5CEDB151-F985-4335-8852-904EA70E43D5}"
EndProject
Project("{FAE04EC0-301F-11D3-BF4B-00C04F79EFBC}") = "FalconNL93.Toolkit", "..\Toolkit\FalconNL93.Toolkit\FalconNL93.Toolkit.csproj", "{F033A9AA-58B0-4369-95B7-E0AD12948207}"
EndProject
Global
	GlobalSection(SolutionConfigurationPlatforms) = preSolution
		Debug|Any CPU = Debug|Any CPU
		Release|Any CPU = Release|Any CPU
	EndGlobalSection
	GlobalSection(ProjectConfigurationPlatforms) = postSolution
		{30615F06-7397-4CE6-8201-F3CB4764D2E5}.Debug|Any CPU.ActiveCfg = Debug|Any CPU
		{30615F06-7397-4CE6-8201-F3CB4764D2E5}.Debug|Any CPU.Build.0 = Debug|Any CPU
		{30615F06-7397-4CE6-8201-F3CB4764D2E5}.Release|Any CPU.ActiveCfg = Release|Any CPU
		{30615F06-7397-4CE6-8201-F3CB4764D2E5}.Release|Any CPU.Build.0 = Release|Any CPU
		{1413D8BE-66D9-43E3-BD45-75CF0E41BAFC}.Debug|Any CPU.ActiveCfg = Debug|Any CPU
		{1413D8BE-66D9-43E3-BD45-75CF0E41BAFC}.Debug|Any CPU.Build.0 = Debug|Any CPU
		{1413D8BE-66D9-43E3-BD45-75CF0E41BAFC}.Release|Any CPU.ActiveCfg = Release|Any CPU
		{1413D8BE-66D9-43E3-BD45-75CF0E41BAFC}.Release|Any CPU.Build.0 = Release|Any CPU
		{5CEDB151-F985-4335-8852-904EA70E43D5}.Debug|Any CPU.ActiveCfg = Debug|Any CPU
		{5CEDB151-F985-4335-8852-904EA70E43D5}.Debug|Any CPU.Build.0 = Debug|Any CPU
		{5CEDB151-F985-4335-8852-904EA70E43D5}.Release|Any CPU.ActiveCfg = Release|Any CPU
		{5CEDB151-F985-4335-8852-904EA70E43D5}.Release|Any CPU.Build.0 = Release|Any CPU
		{F033A9AA-58B0-4369-95B7-E0AD12948207}.Debug|Any CPU.ActiveCfg = Debug|Any CPU
		{F033A9AA-58B0-4369-95B7-E0AD12948207}.Debug|Any CPU.Build.0 = Debug|Any CPU
		{F033A9AA-58B0-4369-95B7-E0AD12948207}.Release|Any CPU.ActiveCfg = Release|Any CPU
		{F033A9AA-58B0-4369-95B7-E0AD12948207}.Release|Any CPU.Build.0 = Release|Any CPU
	EndGlobalSection
	GlobalSection(SolutionProperties) = preSolution
		HideSolutionNode = FALSE
	EndGlobalSection
	GlobalSection(ExtensibilityGlobals) = postSolution
		SolutionGuid = {9C1769B5-A34E-4C23-81C6-3DF5CCD5D0B6}
	EndGlobalSection
EndGlobal
